// !$*UTF8*$!
{
	archiveVersion = 1;
	classes = {
	};
	objectVersion = 46;
	objects = {

/* Begin PBXBuildFile section */
		DD150CEA180A473500D8C61F /* Foundation.framework in Frameworks */ = {isa = PBXBuildFile; fileRef = DD150CE9180A473500D8C61F /* Foundation.framework */; };
		DD150CEC180A473500D8C61F /* CoreGraphics.framework in Frameworks */ = {isa = PBXBuildFile; fileRef = DD150CEB180A473500D8C61F /* CoreGraphics.framework */; };
		DD150CEE180A473500D8C61F /* UIKit.framework in Frameworks */ = {isa = PBXBuildFile; fileRef = DD150CED180A473500D8C61F /* UIKit.framework */; };
		DD150CF4180A473500D8C61F /* InfoPlist.strings in Resources */ = {isa = PBXBuildFile; fileRef = DD150CF2180A473500D8C61F /* InfoPlist.strings */; };
		DD150CF6180A473600D8C61F /* main.m in Sources */ = {isa = PBXBuildFile; fileRef = DD150CF5180A473600D8C61F /* main.m */; };
		DD150CFA180A473600D8C61F /* whoAppDelegate.m in Sources */ = {isa = PBXBuildFile; fileRef = DD150CF9180A473600D8C61F /* whoAppDelegate.m */; };
		DD150CFD180A473600D8C61F /* Main_iPhone.storyboard in Resources */ = {isa = PBXBuildFile; fileRef = DD150CFB180A473600D8C61F /* Main_iPhone.storyboard */; };
		DD150D00180A473600D8C61F /* Main_iPad.storyboard in Resources */ = {isa = PBXBuildFile; fileRef = DD150CFE180A473600D8C61F /* Main_iPad.storyboard */; };
		DD150D03180A473600D8C61F /* whoViewController.m in Sources */ = {isa = PBXBuildFile; fileRef = DD150D02180A473600D8C61F /* whoViewController.m */; };
		DD150D05180A473600D8C61F /* Images.xcassets in Resources */ = {isa = PBXBuildFile; fileRef = DD150D04180A473600D8C61F /* Images.xcassets */; };
		DD150D0C180A473600D8C61F /* XCTest.framework in Frameworks */ = {isa = PBXBuildFile; fileRef = DD150D0B180A473600D8C61F /* XCTest.framework */; };
		DD150D0D180A473600D8C61F /* Foundation.framework in Frameworks */ = {isa = PBXBuildFile; fileRef = DD150CE9180A473500D8C61F /* Foundation.framework */; };
		DD150D0E180A473600D8C61F /* UIKit.framework in Frameworks */ = {isa = PBXBuildFile; fileRef = DD150CED180A473500D8C61F /* UIKit.framework */; };
		DD150D16180A473600D8C61F /* InfoPlist.strings in Resources */ = {isa = PBXBuildFile; fileRef = DD150D14180A473600D8C61F /* InfoPlist.strings */; };
		DD150D18180A473600D8C61F /* MagicBusTests.m in Sources */ = {isa = PBXBuildFile; fileRef = DD150D17180A473600D8C61F /* MagicBusTests.m */; };
		DD49CDFF180B91E60041558B /* CCTC.jpg in Resources */ = {isa = PBXBuildFile; fileRef = DD49CDFE180B91E60041558B /* CCTC.jpg */; };
		DD49CE02180C28B10041558B /* NorthCampus_Afternoon.jpg in Resources */ = {isa = PBXBuildFile; fileRef = DD49CE01180C28B10041558B /* NorthCampus_Afternoon.jpg */; };
		DD49CE04180C2D060041558B /* NorthCampus_Afternoon_Blur.jpg in Resources */ = {isa = PBXBuildFile; fileRef = DD49CE03180C2D060041558B /* NorthCampus_Afternoon_Blur.jpg */; };
		DD49CE08180C577C0041558B /* XMLReader.m in Sources */ = {isa = PBXBuildFile; fileRef = DD49CE07180C577C0041558B /* XMLReader.m */; };
		DD49CE0A180CC5D60041558B /* ugly_icon.png in Resources */ = {isa = PBXBuildFile; fileRef = DD49CE09180CC5D60041558B /* ugly_icon.png */; };
		DD49CE11180CC9B80041558B /* BB_E.jpg in Resources */ = {isa = PBXBuildFile; fileRef = DD49CE0B180CC9B80041558B /* BB_E.jpg */; };
		DD49CE12180CC9B80041558B /* BB_W.jpg in Resources */ = {isa = PBXBuildFile; fileRef = DD49CE0C180CC9B80041558B /* BB_W.jpg */; };
		DD49CE13180CC9B80041558B /* FXB_S.jpg in Resources */ = {isa = PBXBuildFile; fileRef = DD49CE0D180CC9B80041558B /* FXB_S.jpg */; };
		DD49CE14180CC9B80041558B /* PP_N.jpg in Resources */ = {isa = PBXBuildFile; fileRef = DD49CE0E180CC9B80041558B /* PP_N.jpg */; };
		DD49CE15180CC9B80041558B /* PP_S.jpg in Resources */ = {isa = PBXBuildFile; fileRef = DD49CE0F180CC9B80041558B /* PP_S.jpg */; };
		DD49CE16180CC9B80041558B /* PP_W.jpg in Resources */ = {isa = PBXBuildFile; fileRef = DD49CE10180CC9B80041558B /* PP_W.jpg */; };
		DD49CE19180CCD3C0041558B /* whoBusSchedule.m in Sources */ = {isa = PBXBuildFile; fileRef = DD49CE18180CCD3C0041558B /* whoBusSchedule.m */; };
		DD541D37180B4BCE00212331 /* UIStopIconView.m in Sources */ = {isa = PBXBuildFile; fileRef = DD541D36180B4BCE00212331 /* UIStopIconView.m */; };
/* End PBXBuildFile section */

/* Begin PBXContainerItemProxy section */
		DD150D0F180A473600D8C61F /* PBXContainerItemProxy */ = {
			isa = PBXContainerItemProxy;
			containerPortal = DD150CDE180A473500D8C61F /* Project object */;
			proxyType = 1;
			remoteGlobalIDString = DD150CE5180A473500D8C61F;
			remoteInfo = MagicBus;
		};
/* End PBXContainerItemProxy section */

/* Begin PBXFileReference section */
		DD150CE6180A473500D8C61F /* MagicBus.app */ = {isa = PBXFileReference; explicitFileType = wrapper.application; includeInIndex = 0; path = MagicBus.app; sourceTree = BUILT_PRODUCTS_DIR; };
		DD150CE9180A473500D8C61F /* Foundation.framework */ = {isa = PBXFileReference; lastKnownFileType = wrapper.framework; name = Foundation.framework; path = System/Library/Frameworks/Foundation.framework; sourceTree = SDKROOT; };
		DD150CEB180A473500D8C61F /* CoreGraphics.framework */ = {isa = PBXFileReference; lastKnownFileType = wrapper.framework; name = CoreGraphics.framework; path = System/Library/Frameworks/CoreGraphics.framework; sourceTree = SDKROOT; };
		DD150CED180A473500D8C61F /* UIKit.framework */ = {isa = PBXFileReference; lastKnownFileType = wrapper.framework; name = UIKit.framework; path = System/Library/Frameworks/UIKit.framework; sourceTree = SDKROOT; };
		DD150CF1180A473500D8C61F /* MagicBus-Info.plist */ = {isa = PBXFileReference; lastKnownFileType = text.plist.xml; path = "MagicBus-Info.plist"; sourceTree = "<group>"; };
		DD150CF3180A473500D8C61F /* en */ = {isa = PBXFileReference; lastKnownFileType = text.plist.strings; name = en; path = en.lproj/InfoPlist.strings; sourceTree = "<group>"; };
		DD150CF5180A473600D8C61F /* main.m */ = {isa = PBXFileReference; lastKnownFileType = sourcecode.c.objc; path = main.m; sourceTree = "<group>"; };
		DD150CF7180A473600D8C61F /* MagicBus-Prefix.pch */ = {isa = PBXFileReference; lastKnownFileType = sourcecode.c.h; path = "MagicBus-Prefix.pch"; sourceTree = "<group>"; };
		DD150CF8180A473600D8C61F /* whoAppDelegate.h */ = {isa = PBXFileReference; lastKnownFileType = sourcecode.c.h; path = whoAppDelegate.h; sourceTree = "<group>"; };
		DD150CF9180A473600D8C61F /* whoAppDelegate.m */ = {isa = PBXFileReference; lastKnownFileType = sourcecode.c.objc; path = whoAppDelegate.m; sourceTree = "<group>"; };
		DD150CFC180A473600D8C61F /* Base */ = {isa = PBXFileReference; lastKnownFileType = file.storyboard; name = Base; path = Base.lproj/Main_iPhone.storyboard; sourceTree = "<group>"; };
		DD150CFF180A473600D8C61F /* Base */ = {isa = PBXFileReference; lastKnownFileType = file.storyboard; name = Base; path = Base.lproj/Main_iPad.storyboard; sourceTree = "<group>"; };
		DD150D01180A473600D8C61F /* whoViewController.h */ = {isa = PBXFileReference; lastKnownFileType = sourcecode.c.h; path = whoViewController.h; sourceTree = "<group>"; };
		DD150D02180A473600D8C61F /* whoViewController.m */ = {isa = PBXFileReference; lastKnownFileType = sourcecode.c.objc; path = whoViewController.m; sourceTree = "<group>"; };
		DD150D04180A473600D8C61F /* Images.xcassets */ = {isa = PBXFileReference; lastKnownFileType = folder.assetcatalog; path = Images.xcassets; sourceTree = "<group>"; };
		DD150D0A180A473600D8C61F /* MagicBusTests.xctest */ = {isa = PBXFileReference; explicitFileType = wrapper.cfbundle; includeInIndex = 0; path = MagicBusTests.xctest; sourceTree = BUILT_PRODUCTS_DIR; };
		DD150D0B180A473600D8C61F /* XCTest.framework */ = {isa = PBXFileReference; lastKnownFileType = wrapper.framework; name = XCTest.framework; path = Library/Frameworks/XCTest.framework; sourceTree = DEVELOPER_DIR; };
		DD150D13180A473600D8C61F /* MagicBusTests-Info.plist */ = {isa = PBXFileReference; lastKnownFileType = text.plist.xml; path = "MagicBusTests-Info.plist"; sourceTree = "<group>"; };
		DD150D15180A473600D8C61F /* en */ = {isa = PBXFileReference; lastKnownFileType = text.plist.strings; name = en; path = en.lproj/InfoPlist.strings; sourceTree = "<group>"; };
		DD150D17180A473600D8C61F /* MagicBusTests.m */ = {isa = PBXFileReference; lastKnownFileType = sourcecode.c.objc; path = MagicBusTests.m; sourceTree = "<group>"; };
		DD49CDFE180B91E60041558B /* CCTC.jpg */ = {isa = PBXFileReference; lastKnownFileType = image.jpeg; path = CCTC.jpg; sourceTree = "<group>"; };
		DD49CE01180C28B10041558B /* NorthCampus_Afternoon.jpg */ = {isa = PBXFileReference; lastKnownFileType = image.jpeg; path = NorthCampus_Afternoon.jpg; sourceTree = "<group>"; };
		DD49CE03180C2D060041558B /* NorthCampus_Afternoon_Blur.jpg */ = {isa = PBXFileReference; lastKnownFileType = image.jpeg; path = NorthCampus_Afternoon_Blur.jpg; sourceTree = "<group>"; };
		DD49CE06180C577C0041558B /* XMLReader.h */ = {isa = PBXFileReference; fileEncoding = 4; lastKnownFileType = sourcecode.c.h; path = XMLReader.h; sourceTree = "<group>"; };
		DD49CE07180C577C0041558B /* XMLReader.m */ = {isa = PBXFileReference; fileEncoding = 4; lastKnownFileType = sourcecode.c.objc; path = XMLReader.m; sourceTree = "<group>"; };
		DD49CE09180CC5D60041558B /* ugly_icon.png */ = {isa = PBXFileReference; lastKnownFileType = image.png; path = ugly_icon.png; sourceTree = "<group>"; };
		DD49CE0B180CC9B80041558B /* BB_E.jpg */ = {isa = PBXFileReference; lastKnownFileType = image.jpeg; path = BB_E.jpg; sourceTree = "<group>"; };
		DD49CE0C180CC9B80041558B /* BB_W.jpg */ = {isa = PBXFileReference; lastKnownFileType = image.jpeg; path = BB_W.jpg; sourceTree = "<group>"; };
		DD49CE0D180CC9B80041558B /* FXB_S.jpg */ = {isa = PBXFileReference; lastKnownFileType = image.jpeg; path = FXB_S.jpg; sourceTree = "<group>"; };
		DD49CE0E180CC9B80041558B /* PP_N.jpg */ = {isa = PBXFileReference; lastKnownFileType = image.jpeg; path = PP_N.jpg; sourceTree = "<group>"; };
		DD49CE0F180CC9B80041558B /* PP_S.jpg */ = {isa = PBXFileReference; lastKnownFileType = image.jpeg; path = PP_S.jpg; sourceTree = "<group>"; };
		DD49CE10180CC9B80041558B /* PP_W.jpg */ = {isa = PBXFileReference; lastKnownFileType = image.jpeg; path = PP_W.jpg; sourceTree = "<group>"; };
		DD49CE17180CCD3C0041558B /* whoBusSchedule.h */ = {isa = PBXFileReference; fileEncoding = 4; lastKnownFileType = sourcecode.c.h; path = whoBusSchedule.h; sourceTree = "<group>"; };
		DD49CE18180CCD3C0041558B /* whoBusSchedule.m */ = {isa = PBXFileReference; fileEncoding = 4; lastKnownFileType = sourcecode.c.objc; path = whoBusSchedule.m; sourceTree = "<group>"; };
		DD541D35180B4BCE00212331 /* UIStopIconView.h */ = {isa = PBXFileReference; fileEncoding = 4; lastKnownFileType = sourcecode.c.h; path = UIStopIconView.h; sourceTree = "<group>"; };
		DD541D36180B4BCE00212331 /* UIStopIconView.m */ = {isa = PBXFileReference; fileEncoding = 4; lastKnownFileType = sourcecode.c.objc; path = UIStopIconView.m; sourceTree = "<group>"; };
/* End PBXFileReference section */

/* Begin PBXFrameworksBuildPhase section */
		DD150CE3180A473500D8C61F /* Frameworks */ = {
			isa = PBXFrameworksBuildPhase;
			buildActionMask = 2147483647;
			files = (
				DD150CEC180A473500D8C61F /* CoreGraphics.framework in Frameworks */,
				DD150CEE180A473500D8C61F /* UIKit.framework in Frameworks */,
				DD150CEA180A473500D8C61F /* Foundation.framework in Frameworks */,
			);
			runOnlyForDeploymentPostprocessing = 0;
		};
		DD150D07180A473600D8C61F /* Frameworks */ = {
			isa = PBXFrameworksBuildPhase;
			buildActionMask = 2147483647;
			files = (
				DD150D0C180A473600D8C61F /* XCTest.framework in Frameworks */,
				DD150D0E180A473600D8C61F /* UIKit.framework in Frameworks */,
				DD150D0D180A473600D8C61F /* Foundation.framework in Frameworks */,
			);
			runOnlyForDeploymentPostprocessing = 0;
		};
/* End PBXFrameworksBuildPhase section */

/* Begin PBXGroup section */
		DD150CDD180A473500D8C61F = {
			isa = PBXGroup;
			children = (
				DD150CEF180A473500D8C61F /* MagicBus */,
				DD150D11180A473600D8C61F /* MagicBusTests */,
				DD150CE8180A473500D8C61F /* Frameworks */,
				DD150CE7180A473500D8C61F /* Products */,
			);
			sourceTree = "<group>";
		};
		DD150CE7180A473500D8C61F /* Products */ = {
			isa = PBXGroup;
			children = (
				DD150CE6180A473500D8C61F /* MagicBus.app */,
				DD150D0A180A473600D8C61F /* MagicBusTests.xctest */,
			);
			name = Products;
			sourceTree = "<group>";
		};
		DD150CE8180A473500D8C61F /* Frameworks */ = {
			isa = PBXGroup;
			children = (
				DD150CE9180A473500D8C61F /* Foundation.framework */,
				DD150CEB180A473500D8C61F /* CoreGraphics.framework */,
				DD150CED180A473500D8C61F /* UIKit.framework */,
				DD150D0B180A473600D8C61F /* XCTest.framework */,
			);
			name = Frameworks;
			sourceTree = "<group>";
		};
		DD150CEF180A473500D8C61F /* MagicBus */ = {
			isa = PBXGroup;
			children = (
				DD49CE05180C577C0041558B /* XMLReader */,
				DD541D35180B4BCE00212331 /* UIStopIconView.h */,
				DD541D36180B4BCE00212331 /* UIStopIconView.m */,
				DD49CE17180CCD3C0041558B /* whoBusSchedule.h */,
				DD49CE18180CCD3C0041558B /* whoBusSchedule.m */,
				DD150CF8180A473600D8C61F /* whoAppDelegate.h */,
				DD150CF9180A473600D8C61F /* whoAppDelegate.m */,
				DD150CFB180A473600D8C61F /* Main_iPhone.storyboard */,
				DD150CFE180A473600D8C61F /* Main_iPad.storyboard */,
				DD150D01180A473600D8C61F /* whoViewController.h */,
				DD150D02180A473600D8C61F /* whoViewController.m */,
				DD150D04180A473600D8C61F /* Images.xcassets */,
				DD150CF0180A473500D8C61F /* Supporting Files */,
			);
			path = MagicBus;
			sourceTree = "<group>";
		};
		DD150CF0180A473500D8C61F /* Supporting Files */ = {
			isa = PBXGroup;
			children = (
				DD49CE09180CC5D60041558B /* ugly_icon.png */,
				DD49CDFC180B91BE0041558B /* Images */,
				DD150CF1180A473500D8C61F /* MagicBus-Info.plist */,
				DD150CF2180A473500D8C61F /* InfoPlist.strings */,
				DD150CF5180A473600D8C61F /* main.m */,
				DD150CF7180A473600D8C61F /* MagicBus-Prefix.pch */,
			);
			name = "Supporting Files";
			sourceTree = "<group>";
		};
		DD150D11180A473600D8C61F /* MagicBusTests */ = {
			isa = PBXGroup;
			children = (
				DD150D17180A473600D8C61F /* MagicBusTests.m */,
				DD150D12180A473600D8C61F /* Supporting Files */,
			);
			path = MagicBusTests;
			sourceTree = "<group>";
		};
		DD150D12180A473600D8C61F /* Supporting Files */ = {
			isa = PBXGroup;
			children = (
				DD150D13180A473600D8C61F /* MagicBusTests-Info.plist */,
				DD150D14180A473600D8C61F /* InfoPlist.strings */,
			);
			name = "Supporting Files";
			sourceTree = "<group>";
		};
		DD49CDFC180B91BE0041558B /* Images */ = {
			isa = PBXGroup;
			children = (
				DD49CE00180C28B10041558B /* Backgrounds */,
				DD49CDFD180B91E60041558B /* BusStops */,
			);
			path = Images;
			sourceTree = "<group>";
		};
		DD49CDFD180B91E60041558B /* BusStops */ = {
			isa = PBXGroup;
			children = (
				DD49CE0B180CC9B80041558B /* BB_E.jpg */,
				DD49CE0C180CC9B80041558B /* BB_W.jpg */,
				DD49CE0D180CC9B80041558B /* FXB_S.jpg */,
				DD49CE0E180CC9B80041558B /* PP_N.jpg */,
				DD49CE0F180CC9B80041558B /* PP_S.jpg */,
				DD49CE10180CC9B80041558B /* PP_W.jpg */,
				DD49CDFE180B91E60041558B /* CCTC.jpg */,
			);
			path = BusStops;
			sourceTree = "<group>";
		};
		DD49CE00180C28B10041558B /* Backgrounds */ = {
			isa = PBXGroup;
			children = (
				DD49CE03180C2D060041558B /* NorthCampus_Afternoon_Blur.jpg */,
				DD49CE01180C28B10041558B /* NorthCampus_Afternoon.jpg */,
			);
			path = Backgrounds;
			sourceTree = "<group>";
		};
		DD49CE05180C577C0041558B /* XMLReader */ = {
			isa = PBXGroup;
			children = (
				DD49CE06180C577C0041558B /* XMLReader.h */,
				DD49CE07180C577C0041558B /* XMLReader.m */,
			);
			path = XMLReader;
			sourceTree = "<group>";
		};
/* End PBXGroup section */

/* Begin PBXNativeTarget section */
		DD150CE5180A473500D8C61F /* MagicBus */ = {
			isa = PBXNativeTarget;
			buildConfigurationList = DD150D1B180A473600D8C61F /* Build configuration list for PBXNativeTarget "MagicBus" */;
			buildPhases = (
				DD150CE2180A473500D8C61F /* Sources */,
				DD150CE3180A473500D8C61F /* Frameworks */,
				DD150CE4180A473500D8C61F /* Resources */,
			);
			buildRules = (
			);
			dependencies = (
			);
			name = MagicBus;
			productName = MagicBus;
			productReference = DD150CE6180A473500D8C61F /* MagicBus.app */;
			productType = "com.apple.product-type.application";
		};
		DD150D09180A473600D8C61F /* MagicBusTests */ = {
			isa = PBXNativeTarget;
			buildConfigurationList = DD150D1E180A473600D8C61F /* Build configuration list for PBXNativeTarget "MagicBusTests" */;
			buildPhases = (
				DD150D06180A473600D8C61F /* Sources */,
				DD150D07180A473600D8C61F /* Frameworks */,
				DD150D08180A473600D8C61F /* Resources */,
			);
			buildRules = (
			);
			dependencies = (
				DD150D10180A473600D8C61F /* PBXTargetDependency */,
			);
			name = MagicBusTests;
			productName = MagicBusTests;
			productReference = DD150D0A180A473600D8C61F /* MagicBusTests.xctest */;
			productType = "com.apple.product-type.bundle.unit-test";
		};
/* End PBXNativeTarget section */

/* Begin PBXProject section */
		DD150CDE180A473500D8C61F /* Project object */ = {
			isa = PBXProject;
			attributes = {
				CLASSPREFIX = who;
				LastUpgradeCheck = 0500;
				ORGANIZATIONNAME = perkinsb1024;
				TargetAttributes = {
					DD150D09180A473600D8C61F = {
						TestTargetID = DD150CE5180A473500D8C61F;
					};
				};
			};
			buildConfigurationList = DD150CE1180A473500D8C61F /* Build configuration list for PBXProject "MagicBus" */;
			compatibilityVersion = "Xcode 3.2";
			developmentRegion = English;
			hasScannedForEncodings = 0;
			knownRegions = (
				en,
				Base,
			);
			mainGroup = DD150CDD180A473500D8C61F;
			productRefGroup = DD150CE7180A473500D8C61F /* Products */;
			projectDirPath = "";
			projectRoot = "";
			targets = (
				DD150CE5180A473500D8C61F /* MagicBus */,
				DD150D09180A473600D8C61F /* MagicBusTests */,
			);
		};
/* End PBXProject section */

/* Begin PBXResourcesBuildPhase section */
		DD150CE4180A473500D8C61F /* Resources */ = {
			isa = PBXResourcesBuildPhase;
			buildActionMask = 2147483647;
			files = (
				DD150D00180A473600D8C61F /* Main_iPad.storyboard in Resources */,
				DD49CE11180CC9B80041558B /* BB_E.jpg in Resources */,
				DD49CE0A180CC5D60041558B /* ugly_icon.png in Resources */,
				DD49CE04180C2D060041558B /* NorthCampus_Afternoon_Blur.jpg in Resources */,
				DD49CE14180CC9B80041558B /* PP_N.jpg in Resources */,
				DD150D05180A473600D8C61F /* Images.xcassets in Resources */,
				DD49CDFF180B91E60041558B /* CCTC.jpg in Resources */,
				DD150CFD180A473600D8C61F /* Main_iPhone.storyboard in Resources */,
				DD49CE13180CC9B80041558B /* FXB_S.jpg in Resources */,
				DD49CE15180CC9B80041558B /* PP_S.jpg in Resources */,
				DD150CF4180A473500D8C61F /* InfoPlist.strings in Resources */,
				DD49CE02180C28B10041558B /* NorthCampus_Afternoon.jpg in Resources */,
				DD49CE12180CC9B80041558B /* BB_W.jpg in Resources */,
				DD49CE16180CC9B80041558B /* PP_W.jpg in Resources */,
			);
			runOnlyForDeploymentPostprocessing = 0;
		};
		DD150D08180A473600D8C61F /* Resources */ = {
			isa = PBXResourcesBuildPhase;
			buildActionMask = 2147483647;
			files = (
				DD150D16180A473600D8C61F /* InfoPlist.strings in Resources */,
			);
			runOnlyForDeploymentPostprocessing = 0;
		};
/* End PBXResourcesBuildPhase section */

/* Begin PBXSourcesBuildPhase section */
		DD150CE2180A473500D8C61F /* Sources */ = {
			isa = PBXSourcesBuildPhase;
			buildActionMask = 2147483647;
			files = (
				DD49CE19180CCD3C0041558B /* whoBusSchedule.m in Sources */,
				DD150CF6180A473600D8C61F /* main.m in Sources */,
				DD150CFA180A473600D8C61F /* whoAppDelegate.m in Sources */,
				DD49CE08180C577C0041558B /* XMLReader.m in Sources */,
				DD150D03180A473600D8C61F /* whoViewController.m in Sources */,
				DD541D37180B4BCE00212331 /* UIStopIconView.m in Sources */,
			);
			runOnlyForDeploymentPostprocessing = 0;
		};
		DD150D06180A473600D8C61F /* Sources */ = {
			isa = PBXSourcesBuildPhase;
			buildActionMask = 2147483647;
			files = (
				DD150D18180A473600D8C61F /* MagicBusTests.m in Sources */,
			);
			runOnlyForDeploymentPostprocessing = 0;
		};
/* End PBXSourcesBuildPhase section */

/* Begin PBXTargetDependency section */
		DD150D10180A473600D8C61F /* PBXTargetDependency */ = {
			isa = PBXTargetDependency;
			target = DD150CE5180A473500D8C61F /* MagicBus */;
			targetProxy = DD150D0F180A473600D8C61F /* PBXContainerItemProxy */;
		};
/* End PBXTargetDependency section */

/* Begin PBXVariantGroup section */
		DD150CF2180A473500D8C61F /* InfoPlist.strings */ = {
			isa = PBXVariantGroup;
			children = (
				DD150CF3180A473500D8C61F /* en */,
			);
			name = InfoPlist.strings;
			sourceTree = "<group>";
		};
		DD150CFB180A473600D8C61F /* Main_iPhone.storyboard */ = {
			isa = PBXVariantGroup;
			children = (
				DD150CFC180A473600D8C61F /* Base */,
			);
			name = Main_iPhone.storyboard;
			sourceTree = "<group>";
		};
		DD150CFE180A473600D8C61F /* Main_iPad.storyboard */ = {
			isa = PBXVariantGroup;
			children = (
				DD150CFF180A473600D8C61F /* Base */,
			);
			name = Main_iPad.storyboard;
			sourceTree = "<group>";
		};
		DD150D14180A473600D8C61F /* InfoPlist.strings */ = {
			isa = PBXVariantGroup;
			children = (
				DD150D15180A473600D8C61F /* en */,
			);
			name = InfoPlist.strings;
			sourceTree = "<group>";
		};
/* End PBXVariantGroup section */

/* Begin XCBuildConfiguration section */
		DD150D19180A473600D8C61F /* Debug */ = {
			isa = XCBuildConfiguration;
			buildSettings = {
				ALWAYS_SEARCH_USER_PATHS = NO;
				ARCHS = "$(ARCHS_STANDARD_INCLUDING_64_BIT)";
				CLANG_CXX_LANGUAGE_STANDARD = "gnu++0x";
				CLANG_CXX_LIBRARY = "libc++";
				CLANG_ENABLE_MODULES = YES;
				CLANG_ENABLE_OBJC_ARC = YES;
				CLANG_WARN_BOOL_CONVERSION = YES;
				CLANG_WARN_CONSTANT_CONVERSION = YES;
				CLANG_WARN_DIRECT_OBJC_ISA_USAGE = YES_ERROR;
				CLANG_WARN_EMPTY_BODY = YES;
				CLANG_WARN_ENUM_CONVERSION = YES;
				CLANG_WARN_INT_CONVERSION = YES;
				CLANG_WARN_OBJC_ROOT_CLASS = YES_ERROR;
				CLANG_WARN__DUPLICATE_METHOD_MATCH = YES;
				"CODE_SIGN_IDENTITY[sdk=iphoneos*]" = "iPhone Developer";
				COPY_PHASE_STRIP = NO;
				GCC_C_LANGUAGE_STANDARD = gnu99;
				GCC_DYNAMIC_NO_PIC = NO;
				GCC_OPTIMIZATION_LEVEL = 0;
				GCC_PREPROCESSOR_DEFINITIONS = (
					"DEBUG=1",
					"$(inherited)",
				);
				GCC_SYMBOLS_PRIVATE_EXTERN = NO;
				GCC_WARN_64_TO_32_BIT_CONVERSION = YES;
				GCC_WARN_ABOUT_RETURN_TYPE = YES_ERROR;
				GCC_WARN_UNDECLARED_SELECTOR = YES;
				GCC_WARN_UNINITIALIZED_AUTOS = YES;
				GCC_WARN_UNUSED_FUNCTION = YES;
				GCC_WARN_UNUSED_VARIABLE = YES;
				IPHONEOS_DEPLOYMENT_TARGET = 7.0;
				ONLY_ACTIVE_ARCH = YES;
				SDKROOT = iphoneos;
				TARGETED_DEVICE_FAMILY = "1,2";
			};
			name = Debug;
		};
		DD150D1A180A473600D8C61F /* Release */ = {
			isa = XCBuildConfiguration;
			buildSettings = {
				ALWAYS_SEARCH_USER_PATHS = NO;
				ARCHS = "$(ARCHS_STANDARD_INCLUDING_64_BIT)";
				CLANG_CXX_LANGUAGE_STANDARD = "gnu++0x";
				CLANG_CXX_LIBRARY = "libc++";
				CLANG_ENABLE_MODULES = YES;
				CLANG_ENABLE_OBJC_ARC = YES;
				CLANG_WARN_BOOL_CONVERSION = YES;
				CLANG_WARN_CONSTANT_CONVERSION = YES;
				CLANG_WARN_DIRECT_OBJC_ISA_USAGE = YES_ERROR;
				CLANG_WARN_EMPTY_BODY = YES;
				CLANG_WARN_ENUM_CONVERSION = YES;
				CLANG_WARN_INT_CONVERSION = YES;
				CLANG_WARN_OBJC_ROOT_CLASS = YES_ERROR;
				CLANG_WARN__DUPLICATE_METHOD_MATCH = YES;
				"CODE_SIGN_IDENTITY[sdk=iphoneos*]" = "iPhone Developer";
				COPY_PHASE_STRIP = YES;
				ENABLE_NS_ASSERTIONS = NO;
				GCC_C_LANGUAGE_STANDARD = gnu99;
				GCC_WARN_64_TO_32_BIT_CONVERSION = YES;
				GCC_WARN_ABOUT_RETURN_TYPE = YES_ERROR;
				GCC_WARN_UNDECLARED_SELECTOR = YES;
				GCC_WARN_UNINITIALIZED_AUTOS = YES;
				GCC_WARN_UNUSED_FUNCTION = YES;
				GCC_WARN_UNUSED_VARIABLE = YES;
				IPHONEOS_DEPLOYMENT_TARGET = 7.0;
				SDKROOT = iphoneos;
				TARGETED_DEVICE_FAMILY = "1,2";
				VALIDATE_PRODUCT = YES;
			};
			name = Release;
		};
		DD150D1C180A473600D8C61F /* Debug */ = {
			isa = XCBuildConfiguration;
			buildSettings = {
				ASSETCATALOG_COMPILER_APPICON_NAME = AppIcon;
				ASSETCATALOG_COMPILER_LAUNCHIMAGE_NAME = LaunchImage;
				GCC_PRECOMPILE_PREFIX_HEADER = YES;
				GCC_PREFIX_HEADER = "MagicBus/MagicBus-Prefix.pch";
				INFOPLIST_FILE = "MagicBus/MagicBus-Info.plist";
				PRODUCT_NAME = "$(TARGET_NAME)";
				TARGETED_DEVICE_FAMILY = 1;
				WRAPPER_EXTENSION = app;
			};
			name = Debug;
		};
		DD150D1D180A473600D8C61F /* Release */ = {
			isa = XCBuildConfiguration;
			buildSettings = {
				ASSETCATALOG_COMPILER_APPICON_NAME = AppIcon;
				ASSETCATALOG_COMPILER_LAUNCHIMAGE_NAME = LaunchImage;
				GCC_PRECOMPILE_PREFIX_HEADER = YES;
				GCC_PREFIX_HEADER = "MagicBus/MagicBus-Prefix.pch";
				INFOPLIST_FILE = "MagicBus/MagicBus-Info.plist";
				PRODUCT_NAME = "$(TARGET_NAME)";
				TARGETED_DEVICE_FAMILY = 1;
				WRAPPER_EXTENSION = app;
			};
			name = Release;
		};
		DD150D1F180A473600D8C61F /* Debug */ = {
			isa = XCBuildConfiguration;
			buildSettings = {
				ARCHS = "$(ARCHS_STANDARD_INCLUDING_64_BIT)";
				BUNDLE_LOADER = "$(BUILT_PRODUCTS_DIR)/MagicBus.app/MagicBus";
				FRAMEWORK_SEARCH_PATHS = (
					"$(SDKROOT)/Developer/Library/Frameworks",
					"$(inherited)",
					"$(DEVELOPER_FRAMEWORKS_DIR)",
				);
				GCC_PRECOMPILE_PREFIX_HEADER = YES;
				GCC_PREFIX_HEADER = "MagicBus/MagicBus-Prefix.pch";
				GCC_PREPROCESSOR_DEFINITIONS = (
					"DEBUG=1",
					"$(inherited)",
				);
				INFOPLIST_FILE = "MagicBusTests/MagicBusTests-Info.plist";
				PRODUCT_NAME = "$(TARGET_NAME)";
				TEST_HOST = "$(BUNDLE_LOADER)";
				WRAPPER_EXTENSION = xctest;
			};
			name = Debug;
		};
		DD150D20180A473600D8C61F /* Release */ = {
			isa = XCBuildConfiguration;
			buildSettings = {
				ARCHS = "$(ARCHS_STANDARD_INCLUDING_64_BIT)";
				BUNDLE_LOADER = "$(BUILT_PRODUCTS_DIR)/MagicBus.app/MagicBus";
				FRAMEWORK_SEARCH_PATHS = (
					"$(SDKROOT)/Developer/Library/Frameworks",
					"$(inherited)",
					"$(DEVELOPER_FRAMEWORKS_DIR)",
				);
				GCC_PRECOMPILE_PREFIX_HEADER = YES;
				GCC_PREFIX_HEADER = "MagicBus/MagicBus-Prefix.pch";
				INFOPLIST_FILE = "MagicBusTests/MagicBusTests-Info.plist";
				PRODUCT_NAME = "$(TARGET_NAME)";
				TEST_HOST = "$(BUNDLE_LOADER)";
				WRAPPER_EXTENSION = xctest;
			};
			name = Release;
		};
/* End XCBuildConfiguration section */

/* Begin XCConfigurationList section */
		DD150CE1180A473500D8C61F /* Build configuration list for PBXProject "MagicBus" */ = {
			isa = XCConfigurationList;
			buildConfigurations = (
				DD150D19180A473600D8C61F /* Debug */,
				DD150D1A180A473600D8C61F /* Release */,
			);
			defaultConfigurationIsVisible = 0;
			defaultConfigurationName = Release;
		};
		DD150D1B180A473600D8C61F /* Build configuration list for PBXNativeTarget "MagicBus" */ = {
			isa = XCConfigurationList;
			buildConfigurations = (
				DD150D1C180A473600D8C61F /* Debug */,
				DD150D1D180A473600D8C61F /* Release */,
			);
			defaultConfigurationIsVisible = 0;
			defaultConfigurationName = Release;
		};
		DD150D1E180A473600D8C61F /* Build configuration list for PBXNativeTarget "MagicBusTests" */ = {
			isa = XCConfigurationList;
			buildConfigurations = (
				DD150D1F180A473600D8C61F /* Debug */,
				DD150D20180A473600D8C61F /* Release */,
			);
			defaultConfigurationIsVisible = 0;
			defaultConfigurationName = Release;
		};
/* End XCConfigurationList section */
	};
	rootObject = DD150CDE180A473500D8C61F /* Project object */;
}
